
Microsoft Visual Studio Solution File, Format Version 12.00
# Visual Studio 15
VisualStudioVersion = 15.0.27130.2036
MinimumVisualStudioVersion = 10.0.40219.1
Project("{FAE04EC0-301F-11D3-BF4B-00C04F79EFBC}") = "Shop", "Shop\Shop.csproj", "{4CACFD9F-26EE-4780-8E9B-9FB0DF3C2ED8}"
EndProject
Global
	GlobalSection(SolutionConfigurationPlatforms) = preSolution
		Debug|Any CPU = Debug|Any CPU
		Release|Any CPU = Release|Any CPU
	EndGlobalSection
	GlobalSection(ProjectConfigurationPlatforms) = postSolution
		{4CACFD9F-26EE-4780-8E9B-9FB0DF3C2ED8}.Debug|Any CPU.ActiveCfg = Debug|Any CPU
		{4CACFD9F-26EE-4780-8E9B-9FB0DF3C2ED8}.Debug|Any CPU.Build.0 = Debug|Any CPU
		{4CACFD9F-26EE-4780-8E9B-9FB0DF3C2ED8}.Release|Any CPU.ActiveCfg = Release|Any CPU
		{4CACFD9F-26EE-4780-8E9B-9FB0DF3C2ED8}.Release|Any CPU.Build.0 = Release|Any CPU
	EndGlobalSection
	GlobalSection(SolutionProperties) = preSolution
		HideSolutionNode = FALSE
	EndGlobalSection
	GlobalSection(ExtensibilityGlobals) = postSolution
		SolutionGuid = {65E9C47D-6F59-4635-9B0C-5A99C5D4D44E}
	EndGlobalSection
EndGlobal
